
Microsoft Visual Studio Solution File, Format Version 12.00
# Visual Studio 15
VisualStudioVersion = 15.0.27428.2027
MinimumVisualStudioVersion = 10.0.40219.1
Project("{FAE04EC0-301F-11D3-BF4B-00C04F79EFBC}") = "PokerStraight", "Poker\PokerStraight.csproj", "{79C06EF0-8561-45DF-B042-1B8FEB5B3120}"
EndProject
Project("{FAE04EC0-301F-11D3-BF4B-00C04F79EFBC}") = "UnitTestPokerStraigth", "UnitTestProject\UnitTestPokerStraigth.csproj", "{5DCCEC40-E525-4FEF-BEDA-38775F1818B2}"
EndProject
Global
	GlobalSection(SolutionConfigurationPlatforms) = preSolution
		Debug|Any CPU = Debug|Any CPU
		Release|Any CPU = Release|Any CPU
	EndGlobalSection
	GlobalSection(ProjectConfigurationPlatforms) = postSolution
		{79C06EF0-8561-45DF-B042-1B8FEB5B3120}.Debug|Any CPU.ActiveCfg = Debug|Any CPU
		{79C06EF0-8561-45DF-B042-1B8FEB5B3120}.Debug|Any CPU.Build.0 = Debug|Any CPU
		{79C06EF0-8561-45DF-B042-1B8FEB5B3120}.Release|Any CPU.ActiveCfg = Release|Any CPU
		{79C06EF0-8561-45DF-B042-1B8FEB5B3120}.Release|Any CPU.Build.0 = Release|Any CPU
		{5DCCEC40-E525-4FEF-BEDA-38775F1818B2}.Debug|Any CPU.ActiveCfg = Debug|Any CPU
		{5DCCEC40-E525-4FEF-BEDA-38775F1818B2}.Debug|Any CPU.Build.0 = Debug|Any CPU
		{5DCCEC40-E525-4FEF-BEDA-38775F1818B2}.Release|Any CPU.ActiveCfg = Release|Any CPU
		{5DCCEC40-E525-4FEF-BEDA-38775F1818B2}.Release|Any CPU.Build.0 = Release|Any CPU
	EndGlobalSection
	GlobalSection(SolutionProperties) = preSolution
		HideSolutionNode = FALSE
	EndGlobalSection
	GlobalSection(ExtensibilityGlobals) = postSolution
		SolutionGuid = {844275DF-D213-4886-B0C3-23EE7C96A149}
	EndGlobalSection
EndGlobal
